
Microsoft Visual Studio Solution File, Format Version 12.00
# Visual Studio Version 17
VisualStudioVersion = 17.4.33205.214
MinimumVisualStudioVersion = 10.0.40219.1
Project("{FAE04EC0-301F-11D3-BF4B-00C04F79EFBC}") = "задачи", "задачи\задачи.csproj", "{CDE5E9FF-6B47-466F-BE42-1F59667AC8C9}"
EndProject
Global
	GlobalSection(SolutionConfigurationPlatforms) = preSolution
		Debug|Any CPU = Debug|Any CPU
		Release|Any CPU = Release|Any CPU
	EndGlobalSection
	GlobalSection(ProjectConfigurationPlatforms) = postSolution
		{CDE5E9FF-6B47-466F-BE42-1F59667AC8C9}.Debug|Any CPU.ActiveCfg = Debug|Any CPU
		{CDE5E9FF-6B47-466F-BE42-1F59667AC8C9}.Debug|Any CPU.Build.0 = Debug|Any CPU
		{CDE5E9FF-6B47-466F-BE42-1F59667AC8C9}.Release|Any CPU.ActiveCfg = Release|Any CPU
		{CDE5E9FF-6B47-466F-BE42-1F59667AC8C9}.Release|Any CPU.Build.0 = Release|Any CPU
	EndGlobalSection
	GlobalSection(SolutionProperties) = preSolution
		HideSolutionNode = FALSE
	EndGlobalSection
	GlobalSection(ExtensibilityGlobals) = postSolution
		SolutionGuid = {DDD9F71E-F42B-47DF-9149-2FA86CC30F58}
	EndGlobalSection
EndGlobal
